// !$*UTF8*$!
{
	archiveVersion = 1;
	classes = {
	};
	objectVersion = 50;
	objects = {

/* Begin PBXBuildFile section */
		D0A3C7FB255CE19800D5DD1F /* AppDelegate.swift in Sources */ = {isa = PBXBuildFile; fileRef = D0A3C7FA255CE19800D5DD1F /* AppDelegate.swift */; };
		D0A3C7FD255CE19800D5DD1F /* SceneDelegate.swift in Sources */ = {isa = PBXBuildFile; fileRef = D0A3C7FC255CE19800D5DD1F /* SceneDelegate.swift */; };
		D0A3C7FF255CE19800D5DD1F /* ViewController.swift in Sources */ = {isa = PBXBuildFile; fileRef = D0A3C7FE255CE19800D5DD1F /* ViewController.swift */; };
		D0A3C802255CE19800D5DD1F /* Main.storyboard in Resources */ = {isa = PBXBuildFile; fileRef = D0A3C800255CE19800D5DD1F /* Main.storyboard */; };
		D0A3C804255CE19C00D5DD1F /* Assets.xcassets in Resources */ = {isa = PBXBuildFile; fileRef = D0A3C803255CE19C00D5DD1F /* Assets.xcassets */; };
		D0A3C807255CE19C00D5DD1F /* LaunchScreen.storyboard in Resources */ = {isa = PBXBuildFile; fileRef = D0A3C805255CE19C00D5DD1F /* LaunchScreen.storyboard */; };
		D0A3C812255CE19D00D5DD1F /* DemoTests.swift in Sources */ = {isa = PBXBuildFile; fileRef = D0A3C811255CE19D00D5DD1F /* DemoTests.swift */; };
		D0A3C81D255CE19D00D5DD1F /* DemoUITests.swift in Sources */ = {isa = PBXBuildFile; fileRef = D0A3C81C255CE19D00D5DD1F /* DemoUITests.swift */; };
/* End PBXBuildFile section */

/* Begin PBXContainerItemProxy section */
		D0A3C80E255CE19D00D5DD1F /* PBXContainerItemProxy */ = {
			isa = PBXContainerItemProxy;
			containerPortal = D0A3C7EF255CE19800D5DD1F /* Project object */;
			proxyType = 1;
			remoteGlobalIDString = D0A3C7F6255CE19800D5DD1F;
			remoteInfo = Demo;
		};
		D0A3C819255CE19D00D5DD1F /* PBXContainerItemProxy */ = {
			isa = PBXContainerItemProxy;
			containerPortal = D0A3C7EF255CE19800D5DD1F /* Project object */;
			proxyType = 1;
			remoteGlobalIDString = D0A3C7F6255CE19800D5DD1F;
			remoteInfo = Demo;
		};
/* End PBXContainerItemProxy section */

/* Begin PBXFileReference section */
		D0A3C7F7255CE19800D5DD1F /* Demo.app */ = {isa = PBXFileReference; explicitFileType = wrapper.application; includeInIndex = 0; path = Demo.app; sourceTree = BUILT_PRODUCTS_DIR; };
		D0A3C7FA255CE19800D5DD1F /* AppDelegate.swift */ = {isa = PBXFileReference; lastKnownFileType = sourcecode.swift; path = AppDelegate.swift; sourceTree = "<group>"; };
		D0A3C7FC255CE19800D5DD1F /* SceneDelegate.swift */ = {isa = PBXFileReference; lastKnownFileType = sourcecode.swift; path = SceneDelegate.swift; sourceTree = "<group>"; };
		D0A3C7FE255CE19800D5DD1F /* ViewController.swift */ = {isa = PBXFileReference; lastKnownFileType = sourcecode.swift; path = ViewController.swift; sourceTree = "<group>"; };
		D0A3C801255CE19800D5DD1F /* Base */ = {isa = PBXFileReference; lastKnownFileType = file.storyboard; name = Base; path = Base.lproj/Main.storyboard; sourceTree = "<group>"; };
		D0A3C803255CE19C00D5DD1F /* Assets.xcassets */ = {isa = PBXFileReference; lastKnownFileType = folder.assetcatalog; path = Assets.xcassets; sourceTree = "<group>"; };
		D0A3C806255CE19C00D5DD1F /* Base */ = {isa = PBXFileReference; lastKnownFileType = file.storyboard; name = Base; path = Base.lproj/LaunchScreen.storyboard; sourceTree = "<group>"; };
		D0A3C808255CE19C00D5DD1F /* Info.plist */ = {isa = PBXFileReference; lastKnownFileType = text.plist.xml; path = Info.plist; sourceTree = "<group>"; };
		D0A3C80D255CE19D00D5DD1F /* DemoTests.xctest */ = {isa = PBXFileReference; explicitFileType = wrapper.cfbundle; includeInIndex = 0; path = DemoTests.xctest; sourceTree = BUILT_PRODUCTS_DIR; };
		D0A3C811255CE19D00D5DD1F /* DemoTests.swift */ = {isa = PBXFileReference; lastKnownFileType = sourcecode.swift; path = DemoTests.swift; sourceTree = "<group>"; };
		D0A3C813255CE19D00D5DD1F /* Info.plist */ = {isa = PBXFileReference; lastKnownFileType = text.plist.xml; path = Info.plist; sourceTree = "<group>"; };
		D0A3C818255CE19D00D5DD1F /* DemoUITests.xctest */ = {isa = PBXFileReference; explicitFileType = wrapper.cfbundle; includeInIndex = 0; path = DemoUITests.xctest; sourceTree = BUILT_PRODUCTS_DIR; };
		D0A3C81C255CE19D00D5DD1F /* DemoUITests.swift */ = {isa = PBXFileReference; lastKnownFileType = sourcecode.swift; path = DemoUITests.swift; sourceTree = "<group>"; };
		D0A3C81E255CE19D00D5DD1F /* Info.plist */ = {isa = PBXFileReference; lastKnownFileType = text.plist.xml; path = Info.plist; sourceTree = "<group>"; };
/* End PBXFileReference section */

/* Begin PBXFrameworksBuildPhase section */
		D0A3C7F4255CE19800D5DD1F /* Frameworks */ = {
			isa = PBXFrameworksBuildPhase;
			buildActionMask = 2147483647;
			files = (
			);
			runOnlyForDeploymentPostprocessing = 0;
		};
		D0A3C80A255CE19D00D5DD1F /* Frameworks */ = {
			isa = PBXFrameworksBuildPhase;
			buildActionMask = 2147483647;
			files = (
			);
			runOnlyForDeploymentPostprocessing = 0;
		};
		D0A3C815255CE19D00D5DD1F /* Frameworks */ = {
			isa = PBXFrameworksBuildPhase;
			buildActionMask = 2147483647;
			files = (
			);
			runOnlyForDeploymentPostprocessing = 0;
		};
/* End PBXFrameworksBuildPhase section */

/* Begin PBXGroup section */
		D0A3C7EE255CE19800D5DD1F = {
			isa = PBXGroup;
			children = (
				D0A3C7F9255CE19800D5DD1F /* Demo */,
				D0A3C810255CE19D00D5DD1F /* DemoTests */,
				D0A3C81B255CE19D00D5DD1F /* DemoUITests */,
				D0A3C7F8255CE19800D5DD1F /* Products */,
			);
			sourceTree = "<group>";
		};
		D0A3C7F8255CE19800D5DD1F /* Products */ = {
			isa = PBXGroup;
			children = (
				D0A3C7F7255CE19800D5DD1F /* Demo.app */,
				D0A3C80D255CE19D00D5DD1F /* DemoTests.xctest */,
				D0A3C818255CE19D00D5DD1F /* DemoUITests.xctest */,
			);
			name = Products;
			sourceTree = "<group>";
		};
		D0A3C7F9255CE19800D5DD1F /* Demo */ = {
			isa = PBXGroup;
			children = (
				D0A3C7FA255CE19800D5DD1F /* AppDelegate.swift */,
				D0A3C7FC255CE19800D5DD1F /* SceneDelegate.swift */,
				D0A3C7FE255CE19800D5DD1F /* ViewController.swift */,
				D0A3C800255CE19800D5DD1F /* Main.storyboard */,
				D0A3C803255CE19C00D5DD1F /* Assets.xcassets */,
				D0A3C805255CE19C00D5DD1F /* LaunchScreen.storyboard */,
				D0A3C808255CE19C00D5DD1F /* Info.plist */,
			);
			path = Demo;
			sourceTree = "<group>";
		};
		D0A3C810255CE19D00D5DD1F /* DemoTests */ = {
			isa = PBXGroup;
			children = (
				D0A3C811255CE19D00D5DD1F /* DemoTests.swift */,
				D0A3C813255CE19D00D5DD1F /* Info.plist */,
			);
			path = DemoTests;
			sourceTree = "<group>";
		};
		D0A3C81B255CE19D00D5DD1F /* DemoUITests */ = {
			isa = PBXGroup;
			children = (
				D0A3C81C255CE19D00D5DD1F /* DemoUITests.swift */,
				D0A3C81E255CE19D00D5DD1F /* Info.plist */,
			);
			path = DemoUITests;
			sourceTree = "<group>";
		};
/* End PBXGroup section */

/* Begin PBXNativeTarget section */
		D0A3C7F6255CE19800D5DD1F /* Demo */ = {
			isa = PBXNativeTarget;
			buildConfigurationList = D0A3C821255CE19D00D5DD1F /* Build configuration list for PBXNativeTarget "Demo" */;
			buildPhases = (
				D0A3C7F3255CE19800D5DD1F /* Sources */,
				D0A3C7F4255CE19800D5DD1F /* Frameworks */,
				D0A3C7F5255CE19800D5DD1F /* Resources */,
			);
			buildRules = (
			);
			dependencies = (
			);
			name = Demo;
			productName = Demo;
			productReference = D0A3C7F7255CE19800D5DD1F /* Demo.app */;
			productType = "com.apple.product-type.application";
		};
		D0A3C80C255CE19D00D5DD1F /* DemoTests */ = {
			isa = PBXNativeTarget;
			buildConfigurationList = D0A3C824255CE19D00D5DD1F /* Build configuration list for PBXNativeTarget "DemoTests" */;
			buildPhases = (
				D0A3C809255CE19D00D5DD1F /* Sources */,
				D0A3C80A255CE19D00D5DD1F /* Frameworks */,
				D0A3C80B255CE19D00D5DD1F /* Resources */,
			);
			buildRules = (
			);
			dependencies = (
				D0A3C80F255CE19D00D5DD1F /* PBXTargetDependency */,
			);
			name = DemoTests;
			productName = DemoTests;
			productReference = D0A3C80D255CE19D00D5DD1F /* DemoTests.xctest */;
			productType = "com.apple.product-type.bundle.unit-test";
		};
		D0A3C817255CE19D00D5DD1F /* DemoUITests */ = {
			isa = PBXNativeTarget;
			buildConfigurationList = D0A3C827255CE19D00D5DD1F /* Build configuration list for PBXNativeTarget "DemoUITests" */;
			buildPhases = (
				D0A3C814255CE19D00D5DD1F /* Sources */,
				D0A3C815255CE19D00D5DD1F /* Frameworks */,
				D0A3C816255CE19D00D5DD1F /* Resources */,
			);
			buildRules = (
			);
			dependencies = (
				D0A3C81A255CE19D00D5DD1F /* PBXTargetDependency */,
			);
			name = DemoUITests;
			productName = DemoUITests;
			productReference = D0A3C818255CE19D00D5DD1F /* DemoUITests.xctest */;
			productType = "com.apple.product-type.bundle.ui-testing";
		};
/* End PBXNativeTarget section */

/* Begin PBXProject section */
		D0A3C7EF255CE19800D5DD1F /* Project object */ = {
			isa = PBXProject;
			attributes = {
				LastSwiftUpdateCheck = 1210;
				LastUpgradeCheck = 1210;
				TargetAttributes = {
					D0A3C7F6255CE19800D5DD1F = {
						CreatedOnToolsVersion = 12.1;
					};
					D0A3C80C255CE19D00D5DD1F = {
						CreatedOnToolsVersion = 12.1;
						TestTargetID = D0A3C7F6255CE19800D5DD1F;
					};
					D0A3C817255CE19D00D5DD1F = {
						CreatedOnToolsVersion = 12.1;
						TestTargetID = D0A3C7F6255CE19800D5DD1F;
					};
				};
			};
			buildConfigurationList = D0A3C7F2255CE19800D5DD1F /* Build configuration list for PBXProject "Demo" */;
			compatibilityVersion = "Xcode 9.3";
			developmentRegion = en;
			hasScannedForEncodings = 0;
			knownRegions = (
				en,
				Base,
			);
			mainGroup = D0A3C7EE255CE19800D5DD1F;
			productRefGroup = D0A3C7F8255CE19800D5DD1F /* Products */;
			projectDirPath = "";
			projectRoot = "";
			targets = (
				D0A3C7F6255CE19800D5DD1F /* Demo */,
				D0A3C80C255CE19D00D5DD1F /* DemoTests */,
				D0A3C817255CE19D00D5DD1F /* DemoUITests */,
			);
		};
/* End PBXProject section */

/* Begin PBXResourcesBuildPhase section */
		D0A3C7F5255CE19800D5DD1F /* Resources */ = {
			isa = PBXResourcesBuildPhase;
			buildActionMask = 2147483647;
			files = (
				D0A3C807255CE19C00D5DD1F /* LaunchScreen.storyboard in Resources */,
				D0A3C804255CE19C00D5DD1F /* Assets.xcassets in Resources */,
				D0A3C802255CE19800D5DD1F /* Main.storyboard in Resources */,
			);
			runOnlyForDeploymentPostprocessing = 0;
		};
		D0A3C80B255CE19D00D5DD1F /* Resources */ = {
			isa = PBXResourcesBuildPhase;
			buildActionMask = 2147483647;
			files = (
			);
			runOnlyForDeploymentPostprocessing = 0;
		};
		D0A3C816255CE19D00D5DD1F /* Resources */ = {
			isa = PBXResourcesBuildPhase;
			buildActionMask = 2147483647;
			files = (
			);
			runOnlyForDeploymentPostprocessing = 0;
		};
/* End PBXResourcesBuildPhase section */

/* Begin PBXSourcesBuildPhase section */
		D0A3C7F3255CE19800D5DD1F /* Sources */ = {
			isa = PBXSourcesBuildPhase;
			buildActionMask = 2147483647;
			files = (
				D0A3C7FF255CE19800D5DD1F /* ViewController.swift in Sources */,
				D0A3C7FB255CE19800D5DD1F /* AppDelegate.swift in Sources */,
				D0A3C7FD255CE19800D5DD1F /* SceneDelegate.swift in Sources */,
			);
			runOnlyForDeploymentPostprocessing = 0;
		};
		D0A3C809255CE19D00D5DD1F /* Sources */ = {
			isa = PBXSourcesBuildPhase;
			buildActionMask = 2147483647;
			files = (
				D0A3C812255CE19D00D5DD1F /* DemoTests.swift in Sources */,
			);
			runOnlyForDeploymentPostprocessing = 0;
		};
		D0A3C814255CE19D00D5DD1F /* Sources */ = {
			isa = PBXSourcesBuildPhase;
			buildActionMask = 2147483647;
			files = (
				D0A3C81D255CE19D00D5DD1F /* DemoUITests.swift in Sources */,
			);
			runOnlyForDeploymentPostprocessing = 0;
		};
/* End PBXSourcesBuildPhase section */

/* Begin PBXTargetDependency section */
		D0A3C80F255CE19D00D5DD1F /* PBXTargetDependency */ = {
			isa = PBXTargetDependency;
			target = D0A3C7F6255CE19800D5DD1F /* Demo */;
			targetProxy = D0A3C80E255CE19D00D5DD1F /* PBXContainerItemProxy */;
		};
		D0A3C81A255CE19D00D5DD1F /* PBXTargetDependency */ = {
			isa = PBXTargetDependency;
			target = D0A3C7F6255CE19800D5DD1F /* Demo */;
			targetProxy = D0A3C819255CE19D00D5DD1F /* PBXContainerItemProxy */;
		};
/* End PBXTargetDependency section */

/* Begin PBXVariantGroup section */
		D0A3C800255CE19800D5DD1F /* Main.storyboard */ = {
			isa = PBXVariantGroup;
			children = (
				D0A3C801255CE19800D5DD1F /* Base */,
			);
			name = Main.storyboard;
			sourceTree = "<group>";
		};
		D0A3C805255CE19C00D5DD1F /* LaunchScreen.storyboard */ = {
			isa = PBXVariantGroup;
			children = (
				D0A3C806255CE19C00D5DD1F /* Base */,
			);
			name = LaunchScreen.storyboard;
			sourceTree = "<group>";
		};
/* End PBXVariantGroup section */

/* Begin XCBuildConfiguration section */
		D0A3C81F255CE19D00D5DD1F /* Debug */ = {
			isa = XCBuildConfiguration;
			buildSettings = {
				ALWAYS_SEARCH_USER_PATHS = NO;
				CLANG_ANALYZER_NONNULL = YES;
				CLANG_ANALYZER_NUMBER_OBJECT_CONVERSION = YES_AGGRESSIVE;
				CLANG_CXX_LANGUAGE_STANDARD = "gnu++14";
				CLANG_CXX_LIBRARY = "libc++";
				CLANG_ENABLE_MODULES = YES;
				CLANG_ENABLE_OBJC_ARC = YES;
				CLANG_ENABLE_OBJC_WEAK = YES;
				CLANG_WARN_BLOCK_CAPTURE_AUTORELEASING = YES;
				CLANG_WARN_BOOL_CONVERSION = YES;
				CLANG_WARN_COMMA = YES;
				CLANG_WARN_CONSTANT_CONVERSION = YES;
				CLANG_WARN_DEPRECATED_OBJC_IMPLEMENTATIONS = YES;
				CLANG_WARN_DIRECT_OBJC_ISA_USAGE = YES_ERROR;
				CLANG_WARN_DOCUMENTATION_COMMENTS = YES;
				CLANG_WARN_EMPTY_BODY = YES;
				CLANG_WARN_ENUM_CONVERSION = YES;
				CLANG_WARN_INFINITE_RECURSION = YES;
				CLANG_WARN_INT_CONVERSION = YES;
				CLANG_WARN_NON_LITERAL_NULL_CONVERSION = YES;
				CLANG_WARN_OBJC_IMPLICIT_RETAIN_SELF = YES;
				CLANG_WARN_OBJC_LITERAL_CONVERSION = YES;
				CLANG_WARN_OBJC_ROOT_CLASS = YES_ERROR;
				CLANG_WARN_QUOTED_INCLUDE_IN_FRAMEWORK_HEADER = YES;
				CLANG_WARN_RANGE_LOOP_ANALYSIS = YES;
				CLANG_WARN_STRICT_PROTOTYPES = YES;
				CLANG_WARN_SUSPICIOUS_MOVE = YES;
				CLANG_WARN_UNGUARDED_AVAILABILITY = YES_AGGRESSIVE;
				CLANG_WARN_UNREACHABLE_CODE = YES;
				CLANG_WARN__DUPLICATE_METHOD_MATCH = YES;
				COPY_PHASE_STRIP = NO;
				DEBUG_INFORMATION_FORMAT = dwarf;
				ENABLE_STRICT_OBJC_MSGSEND = YES;
				ENABLE_TESTABILITY = YES;
				GCC_C_LANGUAGE_STANDARD = gnu11;
				GCC_DYNAMIC_NO_PIC = NO;
				GCC_NO_COMMON_BLOCKS = YES;
				GCC_OPTIMIZATION_LEVEL = 0;
				GCC_PREPROCESSOR_DEFINITIONS = (
					"DEBUG=1",
					"$(inherited)",
				);
				GCC_WARN_64_TO_32_BIT_CONVERSION = YES;
				GCC_WARN_ABOUT_RETURN_TYPE = YES_ERROR;
				GCC_WARN_UNDECLARED_SELECTOR = YES;
				GCC_WARN_UNINITIALIZED_AUTOS = YES_AGGRESSIVE;
				GCC_WARN_UNUSED_FUNCTION = YES;
				GCC_WARN_UNUSED_VARIABLE = YES;
				IPHONEOS_DEPLOYMENT_TARGET = 14.1;
				MTL_ENABLE_DEBUG_INFO = INCLUDE_SOURCE;
				MTL_FAST_MATH = YES;
				ONLY_ACTIVE_ARCH = YES;
				SDKROOT = iphoneos;
				SWIFT_ACTIVE_COMPILATION_CONDITIONS = DEBUG;
				SWIFT_OPTIMIZATION_LEVEL = "-Onone";
			};
			name = Debug;
		};
		D0A3C820255CE19D00D5DD1F /* Release */ = {
			isa = XCBuildConfiguration;
			buildSettings = {
				ALWAYS_SEARCH_USER_PATHS = NO;
				CLANG_ANALYZER_NONNULL = YES;
				CLANG_ANALYZER_NUMBER_OBJECT_CONVERSION = YES_AGGRESSIVE;
				CLANG_CXX_LANGUAGE_STANDARD = "gnu++14";
				CLANG_CXX_LIBRARY = "libc++";
				CLANG_ENABLE_MODULES = YES;
				CLANG_ENABLE_OBJC_ARC = YES;
				CLANG_ENABLE_OBJC_WEAK = YES;
				CLANG_WARN_BLOCK_CAPTURE_AUTORELEASING = YES;
				CLANG_WARN_BOOL_CONVERSION = YES;
				CLANG_WARN_COMMA = YES;
				CLANG_WARN_CONSTANT_CONVERSION = YES;
				CLANG_WARN_DEPRECATED_OBJC_IMPLEMENTATIONS = YES;
				CLANG_WARN_DIRECT_OBJC_ISA_USAGE = YES_ERROR;
				CLANG_WARN_DOCUMENTATION_COMMENTS = YES;
				CLANG_WARN_EMPTY_BODY = YES;
				CLANG_WARN_ENUM_CONVERSION = YES;
				CLANG_WARN_INFINITE_RECURSION = YES;
				CLANG_WARN_INT_CONVERSION = YES;
				CLANG_WARN_NON_LITERAL_NULL_CONVERSION = YES;
				CLANG_WARN_OBJC_IMPLICIT_RETAIN_SELF = YES;
				CLANG_WARN_OBJC_LITERAL_CONVERSION = YES;
				CLANG_WARN_OBJC_ROOT_CLASS = YES_ERROR;
				CLANG_WARN_QUOTED_INCLUDE_IN_FRAMEWORK_HEADER = YES;
				CLANG_WARN_RANGE_LOOP_ANALYSIS = YES;
				CLANG_WARN_STRICT_PROTOTYPES = YES;
				CLANG_WARN_SUSPICIOUS_MOVE = YES;
				CLANG_WARN_UNGUARDED_AVAILABILITY = YES_AGGRESSIVE;
				CLANG_WARN_UNREACHABLE_CODE = YES;
				CLANG_WARN__DUPLICATE_METHOD_MATCH = YES;
				COPY_PHASE_STRIP = NO;
				DEBUG_INFORMATION_FORMAT = "dwarf-with-dsym";
				ENABLE_NS_ASSERTIONS = NO;
				ENABLE_STRICT_OBJC_MSGSEND = YES;
				GCC_C_LANGUAGE_STANDARD = gnu11;
				GCC_NO_COMMON_BLOCKS = YES;
				GCC_WARN_64_TO_32_BIT_CONVERSION = YES;
				GCC_WARN_ABOUT_RETURN_TYPE = YES_ERROR;
				GCC_WARN_UNDECLARED_SELECTOR = YES;
				GCC_WARN_UNINITIALIZED_AUTOS = YES_AGGRESSIVE;
				GCC_WARN_UNUSED_FUNCTION = YES;
				GCC_WARN_UNUSED_VARIABLE = YES;
				IPHONEOS_DEPLOYMENT_TARGET = 14.1;
				MTL_ENABLE_DEBUG_INFO = NO;
				MTL_FAST_MATH = YES;
				SDKROOT = iphoneos;
				SWIFT_COMPILATION_MODE = wholemodule;
				SWIFT_OPTIMIZATION_LEVEL = "-O";
				VALIDATE_PRODUCT = YES;
			};
			name = Release;
		};
		D0A3C822255CE19D00D5DD1F /* Debug */ = {
			isa = XCBuildConfiguration;
			buildSettings = {
				ASSETCATALOG_COMPILER_APPICON_NAME = AppIcon;
				ASSETCATALOG_COMPILER_GLOBAL_ACCENT_COLOR_NAME = AccentColor;
				CODE_SIGN_STYLE = Automatic;
				INFOPLIST_FILE = Demo/Info.plist;
				LD_RUNPATH_SEARCH_PATHS = (
					"$(inherited)",
					"@executable_path/Frameworks",
				);
				PRODUCT_BUNDLE_IDENTIFIER = hieungan.Demo;
				PRODUCT_NAME = "$(TARGET_NAME)";
				SWIFT_VERSION = 5.0;
				TARGETED_DEVICE_FAMILY = "1,2";
			};
			name = Debug;
		};
		D0A3C823255CE19D00D5DD1F /* Release */ = {
			isa = XCBuildConfiguration;
			buildSettings = {
				ASSETCATALOG_COMPILER_APPICON_NAME = AppIcon;
				ASSETCATALOG_COMPILER_GLOBAL_ACCENT_COLOR_NAME = AccentColor;
				CODE_SIGN_STYLE = Automatic;
				INFOPLIST_FILE = Demo/Info.plist;
				LD_RUNPATH_SEARCH_PATHS = (
					"$(inherited)",
					"@executable_path/Frameworks",
				);
				PRODUCT_BUNDLE_IDENTIFIER = hieungan.Demo;
				PRODUCT_NAME = "$(TARGET_NAME)";
				SWIFT_VERSION = 5.0;
				TARGETED_DEVICE_FAMILY = "1,2";
			};
			name = Release;
		};
		D0A3C825255CE19D00D5DD1F /* Debug */ = {
			isa = XCBuildConfiguration;
			buildSettings = {
				ALWAYS_EMBED_SWIFT_STANDARD_LIBRARIES = YES;
				BUNDLE_LOADER = "$(TEST_HOST)";
				CODE_SIGN_STYLE = Automatic;
				INFOPLIST_FILE = DemoTests/Info.plist;
				IPHONEOS_DEPLOYMENT_TARGET = 14.1;
				LD_RUNPATH_SEARCH_PATHS = (
					"$(inherited)",
					"@executable_path/Frameworks",
					"@loader_path/Frameworks",
				);
				PRODUCT_BUNDLE_IDENTIFIER = hieungan.DemoTests;
				PRODUCT_NAME = "$(TARGET_NAME)";
				SWIFT_VERSION = 5.0;
				TARGETED_DEVICE_FAMILY = "1,2";
				TEST_HOST = "$(BUILT_PRODUCTS_DIR)/Demo.app/Demo";
			};
			name = Debug;
		};
		D0A3C826255CE19D00D5DD1F /* Release */ = {
			isa = XCBuildConfiguration;
			buildSettings = {
				ALWAYS_EMBED_SWIFT_STANDARD_LIBRARIES = YES;
				BUNDLE_LOADER = "$(TEST_HOST)";
				CODE_SIGN_STYLE = Automatic;
				INFOPLIST_FILE = DemoTests/Info.plist;
				IPHONEOS_DEPLOYMENT_TARGET = 14.1;
				LD_RUNPATH_SEARCH_PATHS = (
					"$(inherited)",
					"@executable_path/Frameworks",
					"@loader_path/Frameworks",
				);
				PRODUCT_BUNDLE_IDENTIFIER = hieungan.DemoTests;
				PRODUCT_NAME = "$(TARGET_NAME)";
				SWIFT_VERSION = 5.0;
				TARGETED_DEVICE_FAMILY = "1,2";
				TEST_HOST = "$(BUILT_PRODUCTS_DIR)/Demo.app/Demo";
			};
			name = Release;
		};
		D0A3C828255CE19D00D5DD1F /* Debug */ = {
			isa = XCBuildConfiguration;
			buildSettings = {
				ALWAYS_EMBED_SWIFT_STANDARD_LIBRARIES = YES;
				CODE_SIGN_STYLE = Automatic;
				INFOPLIST_FILE = DemoUITests/Info.plist;
				LD_RUNPATH_SEARCH_PATHS = (
					"$(inherited)",
					"@executable_path/Frameworks",
					"@loader_path/Frameworks",
				);
				PRODUCT_BUNDLE_IDENTIFIER = hieungan.DemoUITests;
				PRODUCT_NAME = "$(TARGET_NAME)";
				SWIFT_VERSION = 5.0;
				TARGETED_DEVICE_FAMILY = "1,2";
				TEST_TARGET_NAME = Demo;
			};
			name = Debug;
		};
		D0A3C829255CE19D00D5DD1F /* Release */ = {
			isa = XCBuildConfiguration;
			buildSettings = {
				ALWAYS_EMBED_SWIFT_STANDARD_LIBRARIES = YES;
				CODE_SIGN_STYLE = Automatic;
				INFOPLIST_FILE = DemoUITests/Info.plist;
				LD_RUNPATH_SEARCH_PATHS = (
					"$(inherited)",
					"@executable_path/Frameworks",
					"@loader_path/Frameworks",
				);
				PRODUCT_BUNDLE_IDENTIFIER = hieungan.DemoUITests;
				PRODUCT_NAME = "$(TARGET_NAME)";
				SWIFT_VERSION = 5.0;
				TARGETED_DEVICE_FAMILY = "1,2";
				TEST_TARGET_NAME = Demo;
			};
			name = Release;
		};
/* End XCBuildConfiguration section */

/* Begin XCConfigurationList section */
		D0A3C7F2255CE19800D5DD1F /* Build configuration list for PBXProject "Demo" */ = {
			isa = XCConfigurationList;
			buildConfigurations = (
				D0A3C81F255CE19D00D5DD1F /* Debug */,
				D0A3C820255CE19D00D5DD1F /* Release */,
			);
			defaultConfigurationIsVisible = 0;
			defaultConfigurationName = Release;
		};
		D0A3C821255CE19D00D5DD1F /* Build configuration list for PBXNativeTarget "Demo" */ = {
			isa = XCConfigurationList;
			buildConfigurations = (
				D0A3C822255CE19D00D5DD1F /* Debug */,
				D0A3C823255CE19D00D5DD1F /* Release */,
			);
			defaultConfigurationIsVisible = 0;
			defaultConfigurationName = Release;
		};
		D0A3C824255CE19D00D5DD1F /* Build configuration list for PBXNativeTarget "DemoTests" */ = {
			isa = XCConfigurationList;
			buildConfigurations = (
				D0A3C825255CE19D00D5DD1F /* Debug */,
				D0A3C826255CE19D00D5DD1F /* Release */,
			);
			defaultConfigurationIsVisible = 0;
			defaultConfigurationName = Release;
		};
		D0A3C827255CE19D00D5DD1F /* Build configuration list for PBXNativeTarget "DemoUITests" */ = {
			isa = XCConfigurationList;
			buildConfigurations = (
				D0A3C828255CE19D00D5DD1F /* Debug */,
				D0A3C829255CE19D00D5DD1F /* Release */,
			);
			defaultConfigurationIsVisible = 0;
			defaultConfigurationName = Release;
		};
/* End XCConfigurationList section */
	};
	rootObject = D0A3C7EF255CE19800D5DD1F /* Project object */;
}
